
Microsoft Visual Studio Solution File, Format Version 12.00
# Visual Studio 15
Project("{FAE04EC0-301F-11D3-BF4B-00C04F79EFBC}") = "Assembly-CSharp", "Assembly-CSharp.csproj", "{99669CA3-0321-80F8-863A-C2FBD1D5B5CF}"
EndProject
Project("{FAE04EC0-301F-11D3-BF4B-00C04F79EFBC}") = "Assembly-CSharp-Editor", "Assembly-CSharp-Editor.csproj", "{F53BE21A-C989-F5EF-E809-0AC00758FC13}"
EndProject
Global
	GlobalSection(SolutionConfigurationPlatforms) = preSolution
		Debug|Any CPU = Debug|Any CPU
		Release|Any CPU = Release|Any CPU
	EndGlobalSection
	GlobalSection(ProjectConfigurationPlatforms) = postSolution
		{99669CA3-0321-80F8-863A-C2FBD1D5B5CF}.Debug|Any CPU.ActiveCfg = Debug|Any CPU
		{99669CA3-0321-80F8-863A-C2FBD1D5B5CF}.Debug|Any CPU.Build.0 = Debug|Any CPU
		{99669CA3-0321-80F8-863A-C2FBD1D5B5CF}.Release|Any CPU.ActiveCfg = Release|Any CPU
		{99669CA3-0321-80F8-863A-C2FBD1D5B5CF}.Release|Any CPU.Build.0 = Release|Any CPU
		{F53BE21A-C989-F5EF-E809-0AC00758FC13}.Debug|Any CPU.ActiveCfg = Debug|Any CPU
		{F53BE21A-C989-F5EF-E809-0AC00758FC13}.Debug|Any CPU.Build.0 = Debug|Any CPU
		{F53BE21A-C989-F5EF-E809-0AC00758FC13}.Release|Any CPU.ActiveCfg = Release|Any CPU
		{F53BE21A-C989-F5EF-E809-0AC00758FC13}.Release|Any CPU.Build.0 = Release|Any CPU
	EndGlobalSection
	GlobalSection(SolutionProperties) = preSolution
		HideSolutionNode = FALSE
	EndGlobalSection
EndGlobal
